{
  "version": 4,
  "terraform_version": "1.14.4",
  "serial": 125,
  "lineage": "765c3b3a-296e-6ac2-43c2-51520330efe9",
  "outputs": {
    "active_version": {
      "value": 64,
      "type": "number"
    },
    "service_id": {
      "value": "fb2A8UG0gGgu6SqVkjwOCt",
      "type": "string"
    }
  },
  "resources": [
    {
      "mode": "managed",
      "type": "fastly_domain_v1",
      "name": "mims_domain",
      "provider": "provider[\"registry.terraform.io/fastly/fastly\"]",
      "instances": [
        {
          "schema_version": 0,
          "attributes": {
            "description": "This is my test domain.",
            "domain_id": "7HBLifpYi7ZDi9pMBGuFQg",
            "fqdn": "www.mimsjustdoit.co.uk",
            "id": "7HBLifpYi7ZDi9pMBGuFQg",
            "service_id": "fb2A8UG0gGgu6SqVkjwOCt"
          },
          "sensitive_attributes": [],
          "identity_schema_version": 0,
          "private": "bnVsbA==",
          "dependencies": [
            "fastly_service_vcl.mims_tam"
          ]
        }
      ]
    },
    {
      "mode": "managed",
      "type": "fastly_service_dictionary_items",
      "name": "items",
      "provider": "provider[\"registry.terraform.io/fastly/fastly\"]",
      "instances": [
        {
          "index_key": "basic_geofencing",
          "schema_version": 0,
          "attributes": {
            "dictionary_id": "qc3UCgTwGrTD86u45Or6I1",
            "id": "fb2A8UG0gGgu6SqVkjwOCt/qc3UCgTwGrTD86u45Or6I1",
            "items": {},
            "manage_items": false,
            "service_id": "fb2A8UG0gGgu6SqVkjwOCt"
          },
          "sensitive_attributes": [],
          "identity_schema_version": 0,
          "private": "bnVsbA==",
          "dependencies": [
            "fastly_service_vcl.mims_tam"
          ]
        }
      ]
    },
    {
      "mode": "managed",
      "type": "fastly_service_vcl",
      "name": "mims_tam",
      "provider": "provider[\"registry.terraform.io/fastly/fastly\"]",
      "instances": [
        {
          "schema_version": 0,
          "attributes": {
            "acl": [],
            "activate": true,
            "active_version": 64,
            "backend": [
              {
                "address": "mims-ce-demo-site.s3.eu-north-1.amazonaws.com",
                "auto_loadbalance": false,
                "between_bytes_timeout": 10000,
                "connect_timeout": 1000,
                "error_threshold": 0,
                "first_byte_timeout": 15000,
                "healthcheck": "",
                "keepalive_time": 0,
                "max_conn": 200,
                "max_tls_version": "",
                "min_tls_version": "",
                "name": "aws",
                "override_host": "mims-ce-demo-site.s3.eu-north-1.amazonaws.com",
                "port": 443,
                "prefer_ipv6": false,
                "request_condition": "",
                "share_key": "",
                "shield": "lga-ny-us",
                "ssl_ca_cert": "",
                "ssl_cert_hostname": "mims-ce-demo-site.s3.eu-north-1.amazonaws.com",
                "ssl_check_cert": true,
                "ssl_ciphers": "",
                "ssl_client_cert": "",
                "ssl_client_key": "",
                "ssl_sni_hostname": "mims-ce-demo-site.s3.eu-north-1.amazonaws.com",
                "use_ssl": true,
                "weight": 100
              },
              {
                "address": "misivrieva.github.io",
                "auto_loadbalance": false,
                "between_bytes_timeout": 10000,
                "connect_timeout": 1000,
                "error_threshold": 0,
                "first_byte_timeout": 15000,
                "healthcheck": "",
                "keepalive_time": 0,
                "max_conn": 200,
                "max_tls_version": "",
                "min_tls_version": "",
                "name": "github_pages",
                "override_host": "misivrieva.github.io",
                "port": 443,
                "prefer_ipv6": false,
                "request_condition": "shield for GH",
                "share_key": "",
                "shield": "london-uk",
                "ssl_ca_cert": "",
                "ssl_cert_hostname": "misivrieva.github.io",
                "ssl_check_cert": true,
                "ssl_ciphers": "",
                "ssl_client_cert": "",
                "ssl_client_key": "",
                "ssl_sni_hostname": "misivrieva.github.io",
                "use_ssl": true,
                "weight": 100
              }
            ],
            "cache_setting": [],
            "cloned_version": 64,
            "comment": "Managed by Terraform",
            "condition": [
              {
                "name": "failover",
                "priority": 9,
                "statement": "!req.backend.healthy",
                "type": "REQUEST"
              },
              {
                "name": "shield for GH",
                "priority": 10,
                "statement": "false",
                "type": "REQUEST"
              },
              {
                "name": "shield for aws",
                "priority": 15,
                "statement": "true",
                "type": "REQUEST"
              }
            ],
            "default_host": "",
            "default_ttl": 3600,
            "dictionary": [
              {
                "dictionary_id": "qc3UCgTwGrTD86u45Or6I1",
                "force_destroy": false,
                "name": "basic_geofencing",
                "write_only": false
              }
            ],
            "director": [],
            "domain": [],
            "dynamicsnippet": [],
            "force_destroy": false,
            "force_refresh": false,
            "gzip": [],
            "header": [
              {
                "action": "set",
                "cache_condition": "",
                "destination": "backend",
                "ignore_if_set": false,
                "name": "Backend Selection",
                "priority": 100,
                "regex": "",
                "request_condition": "failover",
                "response_condition": "",
                "source": "F_github_pages",
                "substitution": "",
                "type": "request"
              }
            ],
            "healthcheck": [],
            "http3": false,
            "id": "fb2A8UG0gGgu6SqVkjwOCt",
            "image_optimizer_default_settings": [],
            "imported": false,
            "logging_bigquery": [],
            "logging_blobstorage": [],
            "logging_cloudfiles": [],
            "logging_datadog": [],
            "logging_digitalocean": [],
            "logging_elasticsearch": [],
            "logging_ftp": [],
            "logging_gcs": [],
            "logging_googlepubsub": [],
            "logging_grafanacloudlogs": [],
            "logging_heroku": [],
            "logging_honeycomb": [],
            "logging_https": [],
            "logging_kafka": [],
            "logging_kinesis": [],
            "logging_logentries": [],
            "logging_loggly": [],
            "logging_logshuttle": [],
            "logging_newrelic": [],
            "logging_newrelicotlp": [],
            "logging_openstack": [],
            "logging_papertrail": [],
            "logging_s3": [],
            "logging_scalyr": [],
            "logging_sftp": [],
            "logging_splunk": [],
            "logging_sumologic": [],
            "logging_syslog": [
              {
                "address": "51.148.190.212",
                "format": "%h %l %u %t \"%r\" %\u003es %b",
                "format_version": 2,
                "message_type": "classic",
                "name": "local_logging",
                "placement": "",
                "port": 514,
                "processing_region": "none",
                "response_condition": "",
                "tls_ca_cert": "",
                "tls_client_cert": "",
                "tls_client_key": "",
                "tls_hostname": "",
                "token": "",
                "use_tls": false
              }
            ],
            "name": "mims_tam_website",
            "product_enablement": [],
            "rate_limiter": [],
            "request_setting": [],
            "response_object": [],
            "reuse": null,
            "snippet": [],
            "stage": false,
            "staged_version": null,
            "stale_if_error": false,
            "stale_if_error_ttl": 43200,
            "vcl": [
              {
                "content": "sub vcl_recv { \n#FASTLY recv\n\n  # Normally, you should consider requests other than GET and HEAD to be uncacheable\n  # (to this we add the special FASTLYPURGE method)\n  if (req.method != \"HEAD\" \u0026\u0026 req.method != \"GET\" \u0026\u0026 req.method != \"FASTLYPURGE\") {\n    return(pass);\n  }\n  #rewrite the url to account for s3 internals\n  if (req.backend == F_aws \u0026\u0026 req.url == \"/\" ){\n    set req.url = \"/index-aws.html\";\n  }\n\n  #fetch the laning page from GH\n\n  if (req.backend == F_github_pages \u0026\u0026 req.url == \"/\" ){\n    set req.url = \"/mims-tam/index.html\"; # double mims-tam\n  }\n  #basic_geofencing in action \n\n  # Check if the client's country is in the blocklist\n  declare local var.country_status STRING;\n  set var.country_status = table.lookup(basic_geofencing, client.geo.country_name);\n  \n  if (var.country_status == \"block\") {\n    error 403 \"Access denied from your country\";\n  }\n\n  return(lookup);\n}\n\nsub vcl_hash {\n  set req.hash += req.url;\n  set req.hash += req.http.host;\n  #FASTLY hash\n  return(hash);\n}\n\nsub vcl_hit {\n#FASTLY hit\n  return(deliver);\n}\n\nsub vcl_miss {\n#FASTLY miss\n\nif (req.backend == F_github_pages){\n  set bereq.url = \"/mims-tam\" + req.url;\n}\n\n  return(fetch);\n}\n\nsub vcl_pass {\n#FASTLY pass\n\nif (req.backend == F_github_pages){\n  set bereq.url = \"/mims-tam\" + req.url;\n}\n  return(pass);\n}\n\n\nsub vcl_fetch {\n#FASTLY fetch\n  set beresp.ttl = 5s;\n  set beresp.http.Cache-Control = \"max-age=5\";\n\n  call surrogate_keys;\n\n  # Unset headers that reduce cacheability for images processed using the Fastly image optimizer\n  if (req.http.X-Fastly-Imageopto-Api) {\n    unset beresp.http.Set-Cookie;\n    unset beresp.http.Vary;\n  }\n\n  # Log the number of restarts for debugging purposes\n  if (req.restarts \u003e 0) {\n    set beresp.http.Fastly-Restarts = req.restarts;\n  }\n\n  # If the response is setting a cookie, make sure it is not cached\n  if (beresp.http.Set-Cookie) {\n    return(pass);\n  }\n\n  # By default we set a TTL based on the `Cache-Control` header but we don't parse additional directives\n  # like `private` and `no-store`. Private in particular should be respected at the edge:\n  if (beresp.http.Cache-Control ~ \"(?:private|no-store)\") {\n    return(pass);\n  }\n\n  # Do not cache anything but static assets\n  if (beresp.http.Cache-Control !~\"(?:s-maxage|max-age)\" \u0026\u0026 req.url != \"/graphql\" \u0026\u0026 (req.url ~ \"(?i)(css|js|gif|jpg|jpeg|bmp|png|ico|img|tga|webp|wmf|mp4)$\")) {\n  return (pass);\n}\n\n  # If no TTL has been provided in the response headers, set a default\n  if (!beresp.http.Expires \u0026\u0026\n    !(beresp.http.Surrogate-Control ~ \"max-age\") \u0026\u0026\n    !(beresp.http.Cache-Control ~ \"(?:s-maxage|max-age)\") ) {\n    set beresp.ttl = 3600s;\n\n    # Apply a longer default TTL for images processed using Image Optimizer\n    if (req.http.X-Fastly-Imageopto-Api) {\n      set beresp.ttl = 2592000s; # 30 days\n      set beresp.http.Cache-Control = \"max-age=2592000, public\";\n    }\n  }  \n\n\nreturn(deliver);\n}\n\nsub vcl_log {\n  #FASTLY log\n}\n\nsub vcl_error {\n#FASTLY error\n\nif (obj.status == 403 \u0026\u0026 obj.response == \"Access denied from your country\") {\n    set obj.http.Content-Type = \"text/html; charset=utf-8\";\n    synthetic {\"\n      \u003c!DOCTYPE html\u003e\n      \u003chtml\u003e\n      \u003chead\u003e\u003ctitle\u003eAccess Denied\u003c/title\u003e\u003c/head\u003e\n      \u003cbody\u003e\n        \u003ch1\u003e403 Forbidden\u003c/h1\u003e\n        \u003cp\u003eAccess from your country is not allowed.\u003c/p\u003e\n      \u003c/body\u003e\n      \u003c/html\u003e\n    \"};\n    return(deliver);\n  }\n  \n  return(deliver);\n}\n\nsub vcl_deliver {\n#FASTLY deliver\n\n#Some debug info:\nif ( req.http.Fastly-Debug ) {\n    set resp.http.X-VCL-Version = req.vcl.version;\n    set resp.http.Log-Fastly-Request:url = if(resp.http.Log-Fastly-Request:url, resp.http.Log-Fastly-Request:url \" - \", \"\") resp.http.x-be-url;\n    set resp.http.Log-Fastly-Request:method = if(resp.http.Log-Fastly-Request:method, resp.http.Log-Fastly-Request:method \" - \", \"\") resp.http.x-be-method;\n    set resp.http.Log-Fastly-Request:req_bknd = if(resp.http.Log-Fastly-Request:req_bknd, resp.http.Log-Fastly-Request:req_bknd \" - \", \"\") resp.http.x-be-name;\n}\nunset resp.http.x-be-url;\nunset resp.http.x-be-method;\nunset resp.http.x-be-name;\nset resp.http.X-Mims = \"mims\";\n  return(deliver);\n}\n\nsub surrogate_keys {\n\nset beresp.http.Surrogate-key = regsub(req.url, \"^/([^/]+).*\", \"\\1\");\nset beresp.http.Surrogate-key = beresp.http.Surrogate-key + \" \" + regsub(req.url.basename, \"([^\\.]+)\\..*\", \"\\1\");\n}",
                "main": true,
                "name": "my_main_vcl"
              }
            ],
            "version_comment": ""
          },
          "sensitive_attributes": [
            [
              {
                "type": "get_attr",
                "value": "backend"
              }
            ],
            [
              {
                "type": "get_attr",
                "value": "logging_syslog"
              }
            ]
          ],
          "identity_schema_version": 0,
          "private": "bnVsbA=="
        }
      ]
    }
  ],
  "check_results": null
}
