{
  "version": 4,
  "terraform_version": "1.14.4",
  "serial": 15,
  "lineage": "765c3b3a-296e-6ac2-43c2-51520330efe9",
  "outputs": {
    "active_version": {
      "value": 3,
      "type": "number"
    },
    "service_id": {
      "value": "fb2A8UG0gGgu6SqVkjwOCt",
      "type": "string"
    }
  },
  "resources": [
    {
      "mode": "managed",
      "type": "fastly_service_vcl",
      "name": "mims_tam",
      "provider": "provider[\"registry.terraform.io/fastly/fastly\"]",
      "instances": [
        {
          "schema_version": 0,
          "attributes": {
            "acl": [],
            "activate": true,
            "active_version": 3,
            "backend": [
              {
                "address": "http-me.glitch.me",
                "auto_loadbalance": false,
                "between_bytes_timeout": 10000,
                "connect_timeout": 1000,
                "error_threshold": 0,
                "first_byte_timeout": 15000,
                "healthcheck": "",
                "keepalive_time": 0,
                "max_conn": 200,
                "max_tls_version": "",
                "min_tls_version": "",
                "name": "http_me",
                "override_host": "http-me.glitch.me",
                "port": 443,
                "prefer_ipv6": false,
                "request_condition": "",
                "share_key": "",
                "shield": "lga-ny-us",
                "ssl_ca_cert": "",
                "ssl_cert_hostname": "http-me.glitch.me",
                "ssl_check_cert": true,
                "ssl_ciphers": "",
                "ssl_client_cert": "",
                "ssl_client_key": "",
                "ssl_sni_hostname": "http-me.glitch.me",
                "use_ssl": true,
                "weight": 100
              },
              {
                "address": "misivrieva.github.io",
                "auto_loadbalance": false,
                "between_bytes_timeout": 10000,
                "connect_timeout": 1000,
                "error_threshold": 0,
                "first_byte_timeout": 15000,
                "healthcheck": "",
                "keepalive_time": 0,
                "max_conn": 200,
                "max_tls_version": "",
                "min_tls_version": "",
                "name": "github_pages",
                "override_host": "misivrieva.github.io",
                "port": 443,
                "prefer_ipv6": false,
                "request_condition": "Failover",
                "share_key": "",
                "shield": "london-uk",
                "ssl_ca_cert": "",
                "ssl_cert_hostname": "misivrieva.github.io",
                "ssl_check_cert": true,
                "ssl_ciphers": "",
                "ssl_client_cert": "",
                "ssl_client_key": "",
                "ssl_sni_hostname": "misivrieva.github.io",
                "use_ssl": true,
                "weight": 100
              }
            ],
            "cache_setting": [],
            "cloned_version": 3,
            "comment": "Managed by Terraform",
            "condition": [],
            "default_host": "",
            "default_ttl": 3600,
            "dictionary": [],
            "director": [],
            "domain": [
              {
                "comment": "",
                "name": "mims-tam-test.global.ssl.fastly.net"
              }
            ],
            "dynamicsnippet": [],
            "force_destroy": false,
            "force_refresh": false,
            "gzip": [],
            "header": [],
            "healthcheck": [],
            "http3": false,
            "id": "fb2A8UG0gGgu6SqVkjwOCt",
            "image_optimizer_default_settings": [],
            "imported": false,
            "logging_bigquery": [],
            "logging_blobstorage": [],
            "logging_cloudfiles": [],
            "logging_datadog": [],
            "logging_digitalocean": [],
            "logging_elasticsearch": [],
            "logging_ftp": [],
            "logging_gcs": [],
            "logging_googlepubsub": [],
            "logging_grafanacloudlogs": [],
            "logging_heroku": [],
            "logging_honeycomb": [],
            "logging_https": [],
            "logging_kafka": [],
            "logging_kinesis": [],
            "logging_logentries": [],
            "logging_loggly": [],
            "logging_logshuttle": [],
            "logging_newrelic": [],
            "logging_newrelicotlp": [],
            "logging_openstack": [],
            "logging_papertrail": [],
            "logging_s3": [],
            "logging_scalyr": [],
            "logging_sftp": [],
            "logging_splunk": [],
            "logging_sumologic": [],
            "logging_syslog": [],
            "name": "mims_tam_website",
            "product_enablement": [],
            "rate_limiter": [],
            "request_setting": [],
            "response_object": [],
            "reuse": null,
            "snippet": [],
            "stage": false,
            "staged_version": null,
            "stale_if_error": false,
            "stale_if_error_ttl": 43200,
            "vcl": [],
            "version_comment": ""
          },
          "sensitive_attributes": [
            [
              {
                "type": "get_attr",
                "value": "backend"
              }
            ]
          ],
          "identity_schema_version": 0,
          "private": "bnVsbA=="
        }
      ]
    }
  ],
  "check_results": null
}
